# This file is automatically @generated by Poetry 1.8.2 and should not be changed by hand.

[[package]]
name = "grpcio"
version = "1.75.1"
description = "HTTP/2-based RPC framework"
optional = false
python-versions = ">=3.9"
files = [
    {file = "grpcio-1.75.1-cp310-cp310-linux_armv7l.whl", hash = "sha256:1712b5890b22547dd29f3215c5788d8fc759ce6dd0b85a6ba6e2731f2d04c088"},
    {file = "grpcio-1.75.1-cp310-cp310-macosx_11_0_universal2.whl", hash = "sha256:8d04e101bba4b55cea9954e4aa71c24153ba6182481b487ff376da28d4ba46cf"},
    {file = "grpcio-1.75.1-cp310-cp310-manylinux2014_aarch64.manylinux_2_17_aarch64.whl", hash = "sha256:683cfc70be0c1383449097cba637317e4737a357cfc185d887fd984206380403"},
    {file = "grpcio-1.75.1-cp310-cp310-manylinux2014_i686.manylinux_2_17_i686.whl", hash = "sha256:491444c081a54dcd5e6ada57314321ae526377f498d4aa09d975c3241c5b9e1c"},
    {file = "grpcio-1.75.1-cp310-cp310-manylinux2014_x86_64.manylinux_2_17_x86_64.whl", hash = "sha256:ce08d4e112d0d38487c2b631ec8723deac9bc404e9c7b1011426af50a79999e4"},
    {file = "grpcio-1.75.1-cp310-cp310-musllinux_1_2_aarch64.whl", hash = "sha256:5a2acda37fc926ccc4547977ac3e56b1df48fe200de968e8c8421f6e3093df6c"},
    {file = "grpcio-1.75.1-cp310-cp310-musllinux_1_2_i686.whl", hash = "sha256:745c5fe6bf05df6a04bf2d11552c7d867a2690759e7ab6b05c318a772739bd75"},
    {file = "grpcio-1.75.1-cp310-cp310-musllinux_1_2_x86_64.whl", hash = "sha256:259526a7159d39e2db40d566fe3e8f8e034d0fb2db5bf9c00e09aace655a4c2b"},
    {file = "grpcio-1.75.1-cp310-cp310-win32.whl", hash = "sha256:f4b29b9aabe33fed5df0a85e5f13b09ff25e2c05bd5946d25270a8bd5682dac9"},
    {file = "grpcio-1.75.1-cp310-cp310-win_amd64.whl", hash = "sha256:cf2e760978dcce7ff7d465cbc7e276c3157eedc4c27aa6de7b594c7a295d3d61"},
    {file = "grpcio-1.75.1-cp311-cp311-linux_armv7l.whl", hash = "sha256:573855ca2e58e35032aff30bfbd1ee103fbcf4472e4b28d4010757700918e326"},
    {file = "grpcio-1.75.1-cp311-cp311-macosx_11_0_universal2.whl", hash = "sha256:6a4996a2c8accc37976dc142d5991adf60733e223e5c9a2219e157dc6a8fd3a2"},
    {file = "grpcio-1.75.1-cp311-cp311-manylinux2014_aarch64.manylinux_2_17_aarch64.whl", hash = "sha256:b1ea1bbe77ecbc1be00af2769f4ae4a88ce93be57a4f3eebd91087898ed749f9"},
    {file = "grpcio-1.75.1-cp311-cp311-manylinux2014_i686.manylinux_2_17_i686.whl", hash = "sha256:e5b425aee54cc5e3e3c58f00731e8a33f5567965d478d516d35ef99fd648ab68"},
    {file = "grpcio-1.75.1-cp311-cp311-manylinux2014_x86_64.manylinux_2_17_x86_64.whl", hash = "sha256:0049a7bf547dafaeeb1db17079ce79596c298bfe308fc084d023c8907a845b9a"},
    {file = "grpcio-1.75.1-cp311-cp311-musllinux_1_2_aarch64.whl", hash = "sha256:5b8ea230c7f77c0a1a3208a04a1eda164633fb0767b4cefd65a01079b65e5b1f"},
    {file = "grpcio-1.75.1-cp311-cp311-musllinux_1_2_i686.whl", hash = "sha256:36990d629c3c9fb41e546414e5af52d0a7af37ce7113d9682c46d7e2919e4cca"},
    {file = "grpcio-1.75.1-cp311-cp311-musllinux_1_2_x86_64.whl", hash = "sha256:b10ad908118d38c2453ade7ff790e5bce36580c3742919007a2a78e3a1e521ca"},
    {file = "grpcio-1.75.1-cp311-cp311-win32.whl", hash = "sha256:d6be2b5ee7bea656c954dcf6aa8093c6f0e6a3ef9945c99d99fcbfc88c5c0bfe"},
    {file = "grpcio-1.75.1-cp311-cp311-win_amd64.whl", hash = "sha256:61c692fb05956b17dd6d1ab480f7f10ad0536dba3bc8fd4e3c7263dc244ed772"},
    {file = "grpcio-1.75.1-cp312-cp312-linux_armv7l.whl", hash = "sha256:7b888b33cd14085d86176b1628ad2fcbff94cfbbe7809465097aa0132e58b018"},
    {file = "grpcio-1.75.1-cp312-cp312-macosx_11_0_universal2.whl", hash = "sha256:8775036efe4ad2085975531d221535329f5dac99b6c2a854a995456098f99546"},
    {file = "grpcio-1.75.1-cp312-cp312-manylinux2014_aarch64.manylinux_2_17_aarch64.whl", hash = "sha256:bb658f703468d7fbb5dcc4037c65391b7dc34f808ac46ed9136c24fc5eeb041d"},
    {file = "grpcio-1.75.1-cp312-cp312-manylinux2014_i686.manylinux_2_17_i686.whl", hash = "sha256:4b7177a1cdb3c51b02b0c0a256b0a72fdab719600a693e0e9037949efffb200b"},
    {file = "grpcio-1.75.1-cp312-cp312-manylinux2014_x86_64.manylinux_2_17_x86_64.whl", hash = "sha256:7d4fa6ccc3ec2e68a04f7b883d354d7fea22a34c44ce535a2f0c0049cf626ddf"},
    {file = "grpcio-1.75.1-cp312-cp312-musllinux_1_2_aarch64.whl", hash = "sha256:3d86880ecaeb5b2f0a8afa63824de93adb8ebe4e49d0e51442532f4e08add7d6"},
    {file = "grpcio-1.75.1-cp312-cp312-musllinux_1_2_i686.whl", hash = "sha256:a8041d2f9e8a742aeae96f4b047ee44e73619f4f9d24565e84d5446c623673b6"},
    {file = "grpcio-1.75.1-cp312-cp312-musllinux_1_2_x86_64.whl", hash = "sha256:3652516048bf4c314ce12be37423c79829f46efffb390ad64149a10c6071e8de"},
    {file = "grpcio-1.75.1-cp312-cp312-win32.whl", hash = "sha256:44b62345d8403975513af88da2f3d5cc76f73ca538ba46596f92a127c2aea945"},
    {file = "grpcio-1.75.1-cp312-cp312-win_amd64.whl", hash = "sha256:b1e191c5c465fa777d4cafbaacf0c01e0d5278022082c0abbd2ee1d6454ed94d"},
    {file = "grpcio-1.75.1-cp313-cp313-linux_armv7l.whl", hash = "sha256:3bed22e750d91d53d9e31e0af35a7b0b51367e974e14a4ff229db5b207647884"},
    {file = "grpcio-1.75.1-cp313-cp313-macosx_11_0_universal2.whl", hash = "sha256:5b8f381eadcd6ecaa143a21e9e80a26424c76a0a9b3d546febe6648f3a36a5ac"},
    {file = "grpcio-1.75.1-cp313-cp313-manylinux2014_aarch64.manylinux_2_17_aarch64.whl", hash = "sha256:5bf4001d3293e3414d0cf99ff9b1139106e57c3a66dfff0c5f60b2a6286ec133"},
    {file = "grpcio-1.75.1-cp313-cp313-manylinux2014_i686.manylinux_2_17_i686.whl", hash = "sha256:9f82ff474103e26351dacfe8d50214e7c9322960d8d07ba7fa1d05ff981c8b2d"},
    {file = "grpcio-1.75.1-cp313-cp313-manylinux2014_x86_64.manylinux_2_17_x86_64.whl", hash = "sha256:0ee119f4f88d9f75414217823d21d75bfe0e6ed40135b0cbbfc6376bc9f7757d"},
    {file = "grpcio-1.75.1-cp313-cp313-musllinux_1_2_aarch64.whl", hash = "sha256:664eecc3abe6d916fa6cf8dd6b778e62fb264a70f3430a3180995bf2da935446"},
    {file = "grpcio-1.75.1-cp313-cp313-musllinux_1_2_i686.whl", hash = "sha256:c32193fa08b2fbebf08fe08e84f8a0aad32d87c3ad42999c65e9449871b1c66e"},
    {file = "grpcio-1.75.1-cp313-cp313-musllinux_1_2_x86_64.whl", hash = "sha256:5cebe13088b9254f6e615bcf1da9131d46cfa4e88039454aca9cb65f639bd3bc"},
    {file = "grpcio-1.75.1-cp313-cp313-win32.whl", hash = "sha256:4b4c678e7ed50f8ae8b8dbad15a865ee73ce12668b6aaf411bf3258b5bc3f970"},
    {file = "grpcio-1.75.1-cp313-cp313-win_amd64.whl", hash = "sha256:5573f51e3f296a1bcf71e7a690c092845fb223072120f4bdb7a5b48e111def66"},
    {file = "grpcio-1.75.1-cp314-cp314-linux_armv7l.whl", hash = "sha256:c05da79068dd96723793bffc8d0e64c45f316248417515f28d22204d9dae51c7"},
    {file = "grpcio-1.75.1-cp314-cp314-macosx_11_0_universal2.whl", hash = "sha256:06373a94fd16ec287116a825161dca179a0402d0c60674ceeec8c9fba344fe66"},
    {file = "grpcio-1.75.1-cp314-cp314-manylinux2014_aarch64.manylinux_2_17_aarch64.whl", hash = "sha256:4484f4b7287bdaa7a5b3980f3c7224c3c622669405d20f69549f5fb956ad0421"},
    {file = "grpcio-1.75.1-cp314-cp314-manylinux2014_i686.manylinux_2_17_i686.whl", hash = "sha256:2720c239c1180eee69f7883c1d4c83fc1a495a2535b5fa322887c70bf02b16e8"},
    {file = "grpcio-1.75.1-cp314-cp314-manylinux2014_x86_64.manylinux_2_17_x86_64.whl", hash = "sha256:07a554fa31c668cf0e7a188678ceeca3cb8fead29bbe455352e712ec33ca701c"},
    {file = "grpcio-1.75.1-cp314-cp314-musllinux_1_2_aarch64.whl", hash = "sha256:3e71a2105210366bfc398eef7f57a664df99194f3520edb88b9c3a7e46ee0d64"},
    {file = "grpcio-1.75.1-cp314-cp314-musllinux_1_2_i686.whl", hash = "sha256:8679aa8a5b67976776d3c6b0521e99d1c34db8a312a12bcfd78a7085cb9b604e"},
    {file = "grpcio-1.75.1-cp314-cp314-musllinux_1_2_x86_64.whl", hash = "sha256:aad1c774f4ebf0696a7f148a56d39a3432550612597331792528895258966dc0"},
    {file = "grpcio-1.75.1-cp314-cp314-win32.whl", hash = "sha256:62ce42d9994446b307649cb2a23335fa8e927f7ab2cbf5fcb844d6acb4d85f9c"},
    {file = "grpcio-1.75.1-cp314-cp314-win_amd64.whl", hash = "sha256:f86e92275710bea3000cb79feca1762dc0ad3b27830dd1a74e82ab321d4ee464"},
    {file = "grpcio-1.75.1-cp39-cp39-linux_armv7l.whl", hash = "sha256:c09fba33327c3ac11b5c33dbdd8218eef8990d78f83b1656d628831812a8c0fb"},
    {file = "grpcio-1.75.1-cp39-cp39-macosx_11_0_universal2.whl", hash = "sha256:7e21400b037be29545704889e72e586c238e346dcb2d08d8a7288d16c883a9ec"},
    {file = "grpcio-1.75.1-cp39-cp39-manylinux2014_aarch64.manylinux_2_17_aarch64.whl", hash = "sha256:c12121e509b9f8b0914d10054d24120237d19e870b1cd82acbb8a9b9ddd198a3"},
    {file = "grpcio-1.75.1-cp39-cp39-manylinux2014_i686.manylinux_2_17_i686.whl", hash = "sha256:73577a93e692b3474b1bfe84285d098de36705dbd838bb4d6a056d326e4dc880"},
    {file = "grpcio-1.75.1-cp39-cp39-manylinux2014_x86_64.manylinux_2_17_x86_64.whl", hash = "sha256:e19e7dfa0d7ca7dea22be464339e18ac608fd75d88c56770c646cdabe54bc724"},
    {file = "grpcio-1.75.1-cp39-cp39-musllinux_1_2_aarch64.whl", hash = "sha256:4e1c28f51c1cf67eccdfc1065e8e866c9ed622f09773ca60947089c117f848a1"},
    {file = "grpcio-1.75.1-cp39-cp39-musllinux_1_2_i686.whl", hash = "sha256:030a6164bc2ca726052778c0cf8e3249617a34e368354f9e6107c27ad4af8c28"},
    {file = "grpcio-1.75.1-cp39-cp39-musllinux_1_2_x86_64.whl", hash = "sha256:67697efef5a98d46d5db7b1720fa4043536f8b8e5072a5d61cfca762f287e939"},
    {file = "grpcio-1.75.1-cp39-cp39-win32.whl", hash = "sha256:52015cf73eb5d76f6404e0ce0505a69b51fd1f35810b3a01233b34b10baafb41"},
    {file = "grpcio-1.75.1-cp39-cp39-win_amd64.whl", hash = "sha256:9fe51e4a1f896ea84ac750900eae34d9e9b896b5b1e4a30b02dc31ad29f36383"},
    {file = "grpcio-1.75.1.tar.gz", hash = "sha256:3e81d89ece99b9ace23a6916880baca613c03a799925afb2857887efa8b1b3d2"},
]

[package.dependencies]
typing-extensions = ">=4.12,<5.0"

[package.extras]
protobuf = ["grpcio-tools (>=1.75.1)"]

[[package]]
name = "grpcio-tools"
version = "1.75.1"
description = "Protobuf code generator for gRPC"
optional = false
python-versions = ">=3.9"
files = [
    {file = "grpcio_tools-1.75.1-cp310-cp310-linux_armv7l.whl", hash = "sha256:ae0f04d5ec8b8e13476bf516a08fc1de4e58c6bf79f99123a6b964ca7d02c790"},
    {file = "grpcio_tools-1.75.1-cp310-cp310-macosx_11_0_universal2.whl", hash = "sha256:24a881ad7292e904fc256892b647da17d9137ef2e72faf8b7c8e515314ad1377"},
    {file = "grpcio_tools-1.75.1-cp310-cp310-manylinux2014_aarch64.manylinux_2_17_aarch64.whl", hash = "sha256:1b5810ace274dba12ecfac69ac32c8047c6ee0200a23274cb4885ed4187271f8"},
    {file = "grpcio_tools-1.75.1-cp310-cp310-manylinux2014_i686.manylinux_2_17_i686.whl", hash = "sha256:ab33993288b97b1180e092fa447a8ce00fbc8c59d67b23553245b88d14fe36bb"},
    {file = "grpcio_tools-1.75.1-cp310-cp310-manylinux2014_x86_64.manylinux_2_17_x86_64.whl", hash = "sha256:4cac693621043ef11d3ab2318e811d919779f8cd5011ba8e37f44c178c831d94"},
    {file = "grpcio_tools-1.75.1-cp310-cp310-musllinux_1_2_aarch64.whl", hash = "sha256:a09cd5d267b296af67116fe098633ad770bc8c19831a5f3c896f65fad90c1064"},
    {file = "grpcio_tools-1.75.1-cp310-cp310-musllinux_1_2_i686.whl", hash = "sha256:dff4bcb4d16cf9ef745c1984394ed15187e6c23d73d71377377deaf443d11358"},
    {file = "grpcio_tools-1.75.1-cp310-cp310-musllinux_1_2_x86_64.whl", hash = "sha256:16d5986b37e2a9203f85e456c7ff8705b932718021d408adfe4a79e0f4d95949"},
    {file = "grpcio_tools-1.75.1-cp310-cp310-win32.whl", hash = "sha256:3fbac14998bfadc6b9140b6339dbc5f673700ebb4d45ba0c4d4fbe0ffb8559a9"},
    {file = "grpcio_tools-1.75.1-cp310-cp310-win_amd64.whl", hash = "sha256:b56e495844eb899de721eb77d9e077192bdeb40842f598481d32a8f6de3db124"},
    {file = "grpcio_tools-1.75.1-cp311-cp311-linux_armv7l.whl", hash = "sha256:f0635231feb70a9d551452829943a1a5fa651283e7a300aadc22df5ea5da696f"},
    {file = "grpcio_tools-1.75.1-cp311-cp311-macosx_11_0_universal2.whl", hash = "sha256:626293296ef7e2d87ab1a80b81a55eef91883c65b59a97576099a28b9535100b"},
    {file = "grpcio_tools-1.75.1-cp311-cp311-manylinux2014_aarch64.manylinux_2_17_aarch64.whl", hash = "sha256:071339d90f1faab332ce4919c815a10b9c3ed2c09473f550f686bf9cc148579f"},
    {file = "grpcio_tools-1.75.1-cp311-cp311-manylinux2014_i686.manylinux_2_17_i686.whl", hash = "sha256:44195f58c052fa935b78c7438c85cbcd4b273dd685028e4f6d4d7b30d47daad1"},
    {file = "grpcio_tools-1.75.1-cp311-cp311-manylinux2014_x86_64.manylinux_2_17_x86_64.whl", hash = "sha256:860fafdb85726029d646c99859ff7bdca5aae61b5ff038c3bd355fc1ec6b2764"},
    {file = "grpcio_tools-1.75.1-cp311-cp311-musllinux_1_2_aarch64.whl", hash = "sha256:4559547a0cb3d3db1b982eea87d4656036339b400f48127fef932210672fb59e"},
    {file = "grpcio_tools-1.75.1-cp311-cp311-musllinux_1_2_i686.whl", hash = "sha256:9af65a310807d7f36a8f7cddea142fe97d6dffba74444f38870272f2e5a3a06b"},
    {file = "grpcio_tools-1.75.1-cp311-cp311-musllinux_1_2_x86_64.whl", hash = "sha256:8c1de31aefc0585d2f915a7cd0994d153547495b8d79c44c58048a3ede0b65be"},
    {file = "grpcio_tools-1.75.1-cp311-cp311-win32.whl", hash = "sha256:efaf95fcaa5d3ac1bcfe44ceed9e2512eb95b5c8c476569bdbbe2bee4b59c8a9"},
    {file = "grpcio_tools-1.75.1-cp311-cp311-win_amd64.whl", hash = "sha256:7cefe76fc35c825f0148d60d2294a527053d0f5dd6a60352419214a8c53223c9"},
    {file = "grpcio_tools-1.75.1-cp312-cp312-linux_armv7l.whl", hash = "sha256:49b68936cf212052eeafa50b824e17731b78d15016b235d36e0d32199000b14c"},
    {file = "grpcio_tools-1.75.1-cp312-cp312-macosx_11_0_universal2.whl", hash = "sha256:08cb6e568e58b76a2178ad3b453845ff057131fff00f634d7e15dcd015cd455b"},
    {file = "grpcio_tools-1.75.1-cp312-cp312-manylinux2014_aarch64.manylinux_2_17_aarch64.whl", hash = "sha256:168402ad29a249092673079cf46266936ec2fb18d4f854d96e9c5fa5708efa39"},
    {file = "grpcio_tools-1.75.1-cp312-cp312-manylinux2014_i686.manylinux_2_17_i686.whl", hash = "sha256:bbae11c29fcf450730f021bfc14b12279f2f985e2e493ccc2f133108728261db"},
    {file = "grpcio_tools-1.75.1-cp312-cp312-manylinux2014_x86_64.manylinux_2_17_x86_64.whl", hash = "sha256:38c6c7d5d4800f636ee691cd073db1606d1a6a76424ca75c9b709436c9c20439"},
    {file = "grpcio_tools-1.75.1-cp312-cp312-musllinux_1_2_aarch64.whl", hash = "sha256:626f6a61a8f141dde9a657775854d1c0d99509f9a2762b82aa401a635f6ec73d"},
    {file = "grpcio_tools-1.75.1-cp312-cp312-musllinux_1_2_i686.whl", hash = "sha256:f61a8334ae38d4f98c744a732b89527e5af339d17180e25fff0676060f8709b7"},
    {file = "grpcio_tools-1.75.1-cp312-cp312-musllinux_1_2_x86_64.whl", hash = "sha256:bd0c3fb40d89a1e24a41974e77c7331e80396ab7cde39bc396a13d6b5e2a750b"},
    {file = "grpcio_tools-1.75.1-cp312-cp312-win32.whl", hash = "sha256:004bc5327593eea48abd03be3188e757c3ca0039079587a6aac24275127cac20"},
    {file = "grpcio_tools-1.75.1-cp312-cp312-win_amd64.whl", hash = "sha256:23952692160b5fe7900653dfdc9858dc78c2c42e15c27e19ee780c8917ba6028"},
    {file = "grpcio_tools-1.75.1-cp313-cp313-linux_armv7l.whl", hash = "sha256:ca9e116aab0ecf4365fc2980f2e8ae1b22273c3847328b9a8e05cbd14345b397"},
    {file = "grpcio_tools-1.75.1-cp313-cp313-macosx_11_0_universal2.whl", hash = "sha256:9fe87a926b65eb7f41f8738b6d03677cc43185ff77a9d9b201bdb2f673f3fa1e"},
    {file = "grpcio_tools-1.75.1-cp313-cp313-manylinux2014_aarch64.manylinux_2_17_aarch64.whl", hash = "sha256:45503a6094f91b3fd31c3d9adef26ac514f102086e2a37de797e220a6791ee87"},
    {file = "grpcio_tools-1.75.1-cp313-cp313-manylinux2014_i686.manylinux_2_17_i686.whl", hash = "sha256:b01b60b3de67be531a39fd869d7613fa8f178aff38c05e4d8bc2fc530fa58cb5"},
    {file = "grpcio_tools-1.75.1-cp313-cp313-manylinux2014_x86_64.manylinux_2_17_x86_64.whl", hash = "sha256:09e2b9b9488735514777d44c1e4eda813122d2c87aad219f98d5d49b359a8eab"},
    {file = "grpcio_tools-1.75.1-cp313-cp313-musllinux_1_2_aarch64.whl", hash = "sha256:55e60300e62b220fabe6f062fe69f143abaeff3335f79b22b56d86254f3c3c80"},
    {file = "grpcio_tools-1.75.1-cp313-cp313-musllinux_1_2_i686.whl", hash = "sha256:49ce00fcc6facbbf52bf376e55b8e08810cecd03dab0b3a2986d73117c6f6ee4"},
    {file = "grpcio_tools-1.75.1-cp313-cp313-musllinux_1_2_x86_64.whl", hash = "sha256:71e95479aea868f8c8014d9dc4267f26ee75388a0d8a552e1648cfa0b53d24b4"},
    {file = "grpcio_tools-1.75.1-cp313-cp313-win32.whl", hash = "sha256:fff9d2297416eae8861e53154ccf70a19994e5935e6c8f58ebf431f81cbd8d12"},
    {file = "grpcio_tools-1.75.1-cp313-cp313-win_amd64.whl", hash = "sha256:1849ddd508143eb48791e81d42ddc924c554d1b4900e06775a927573a8d4267f"},
    {file = "grpcio_tools-1.75.1-cp314-cp314-linux_armv7l.whl", hash = "sha256:f281b594489184b1f9a337cdfed1fc1ddb8428f41c4b4023de81527e90b38e1e"},
    {file = "grpcio_tools-1.75.1-cp314-cp314-macosx_11_0_universal2.whl", hash = "sha256:becf8332f391abc62bf4eea488b63be063d76a7cf2ef00b2e36c617d9ee9216b"},
    {file = "grpcio_tools-1.75.1-cp314-cp314-manylinux2014_aarch64.manylinux_2_17_aarch64.whl", hash = "sha256:a08330f24e5cd7b39541882a95a8ba04ffb4df79e2984aa0cd01ed26dcdccf49"},
    {file = "grpcio_tools-1.75.1-cp314-cp314-manylinux2014_i686.manylinux_2_17_i686.whl", hash = "sha256:6bf3742bd8f102630072ed317d1496f31c454cd85ad19d37a68bd85bf9d5f8b9"},
    {file = "grpcio_tools-1.75.1-cp314-cp314-manylinux2014_x86_64.manylinux_2_17_x86_64.whl", hash = "sha256:f26028949474feb380460ce52d9d090d00023940c65236294a66c42ac5850e8b"},
    {file = "grpcio_tools-1.75.1-cp314-cp314-musllinux_1_2_aarch64.whl", hash = "sha256:1bd68fb98bf08f11b6c3210834a14eefe585bad959bdba38e78b4ae3b04ba5bd"},
    {file = "grpcio_tools-1.75.1-cp314-cp314-musllinux_1_2_i686.whl", hash = "sha256:f1496e21586193da62c3a73cd16f9c63c5b3efd68ff06dab96dbdfefa90d40bf"},
    {file = "grpcio_tools-1.75.1-cp314-cp314-musllinux_1_2_x86_64.whl", hash = "sha256:14a78b1e36310cdb3516cdf9ee2726107875e0b247e2439d62fc8dc38cf793c1"},
    {file = "grpcio_tools-1.75.1-cp314-cp314-win32.whl", hash = "sha256:0e6f916daf222002fb98f9a6f22de0751959e7e76a24941985cc8e43cea77b50"},
    {file = "grpcio_tools-1.75.1-cp314-cp314-win_amd64.whl", hash = "sha256:878c3b362264588c45eba57ce088755f8b2b54893d41cc4a68cdeea62996da5c"},
    {file = "grpcio_tools-1.75.1-cp39-cp39-linux_armv7l.whl", hash = "sha256:eca28a90020fc1596f48cf51b02e56bc3d285f7f9ebaf0493144160d69c2cae7"},
    {file = "grpcio_tools-1.75.1-cp39-cp39-macosx_11_0_universal2.whl", hash = "sha256:6744a14983f82e04cfd799ed779d06ee92035bb497f2d0fa84e81921a6c9c985"},
    {file = "grpcio_tools-1.75.1-cp39-cp39-manylinux2014_aarch64.manylinux_2_17_aarch64.whl", hash = "sha256:2a59120f17d36de6e16a058d88f2fcd255bafaccb487fea0613860a5287f77c6"},
    {file = "grpcio_tools-1.75.1-cp39-cp39-manylinux2014_i686.manylinux_2_17_i686.whl", hash = "sha256:02b0c237882e45247570afdc34717ce80831184882186ef47afca9f8cac2f71c"},
    {file = "grpcio_tools-1.75.1-cp39-cp39-manylinux2014_x86_64.manylinux_2_17_x86_64.whl", hash = "sha256:4999ada9721ce2a0eae66bf7f2793bc6fe7a473eef4e38bb542d1e5c6d9f7d91"},
    {file = "grpcio_tools-1.75.1-cp39-cp39-musllinux_1_2_aarch64.whl", hash = "sha256:dd13f0d87605eb34f8b8868e3ad9202b90e9e58417276db79c3298538d0d60e3"},
    {file = "grpcio_tools-1.75.1-cp39-cp39-musllinux_1_2_i686.whl", hash = "sha256:9555db0d2eb22850b7e9a27c0476627d483c114fcdf40d29b03aef446f5e4c43"},
    {file = "grpcio_tools-1.75.1-cp39-cp39-musllinux_1_2_x86_64.whl", hash = "sha256:a35800ce3ecea4aaad511bc18daccd37b1560132694f30b606f2044f1242c9a0"},
    {file = "grpcio_tools-1.75.1-cp39-cp39-win32.whl", hash = "sha256:8e7f2c1a37a5c8db92c5cba4034c370598f7458b275606f7a2a114f8c25c0326"},
    {file = "grpcio_tools-1.75.1-cp39-cp39-win_amd64.whl", hash = "sha256:0de3a82ee33d960f117ab66da51254cccd8bda9118d11ec3379f954cfbf6bc39"},
    {file = "grpcio_tools-1.75.1.tar.gz", hash = "sha256:bb78960cf3d58941e1fec70cbdaccf255918beed13c34112a6915a6d8facebd1"},
]

[package.dependencies]
grpcio = ">=1.75.1"
protobuf = ">=6.31.1,<7.0.0"
setuptools = "*"

[[package]]
name = "mypy-protobuf"
version = "3.6.0"
description = "Generate mypy stub files from protobuf specs"
optional = false
python-versions = ">=3.8"
files = [
    {file = "mypy-protobuf-3.6.0.tar.gz", hash = "sha256:02f242eb3409f66889f2b1a3aa58356ec4d909cdd0f93115622e9e70366eca3c"},
    {file = "mypy_protobuf-3.6.0-py3-none-any.whl", hash = "sha256:56176e4d569070e7350ea620262478b49b7efceba4103d468448f1d21492fd6c"},
]

[package.dependencies]
protobuf = ">=4.25.3"
types-protobuf = ">=4.24"

[[package]]
name = "protobuf"
version = "6.31.1"
description = ""
optional = false
python-versions = ">=3.9"
files = [
    {file = "protobuf-6.31.1-cp310-abi3-win32.whl", hash = "sha256:7fa17d5a29c2e04b7d90e5e32388b8bfd0e7107cd8e616feef7ed3fa6bdab5c9"},
    {file = "protobuf-6.31.1-cp310-abi3-win_amd64.whl", hash = "sha256:426f59d2964864a1a366254fa703b8632dcec0790d8862d30034d8245e1cd447"},
    {file = "protobuf-6.31.1-cp39-abi3-macosx_10_9_universal2.whl", hash = "sha256:6f1227473dc43d44ed644425268eb7c2e488ae245d51c6866d19fe158e207402"},
    {file = "protobuf-6.31.1-cp39-abi3-manylinux2014_aarch64.whl", hash = "sha256:a40fc12b84c154884d7d4c4ebd675d5b3b5283e155f324049ae396b95ddebc39"},
    {file = "protobuf-6.31.1-cp39-abi3-manylinux2014_x86_64.whl", hash = "sha256:4ee898bf66f7a8b0bd21bce523814e6fbd8c6add948045ce958b73af7e8878c6"},
    {file = "protobuf-6.31.1-cp39-cp39-win32.whl", hash = "sha256:0414e3aa5a5f3ff423828e1e6a6e907d6c65c1d5b7e6e975793d5590bdeecc16"},
    {file = "protobuf-6.31.1-cp39-cp39-win_amd64.whl", hash = "sha256:8764cf4587791e7564051b35524b72844f845ad0bb011704c3736cce762d8fe9"},
    {file = "protobuf-6.31.1-py3-none-any.whl", hash = "sha256:720a6c7e6b77288b85063569baae8536671b39f15cc22037ec7045658d80489e"},
    {file = "protobuf-6.31.1.tar.gz", hash = "sha256:d8cac4c982f0b957a4dc73a80e2ea24fab08e679c0de9deb835f4a12d69aca9a"},
]

[[package]]
name = "setuptools"
version = "80.9.0"
description = "Easily download, build, install, upgrade, and uninstall Python packages"
optional = false
python-versions = ">=3.9"
files = [
    {file = "setuptools-80.9.0-py3-none-any.whl", hash = "sha256:062d34222ad13e0cc312a4c02d73f059e86a4acbfbdea8f8f76b28c99f306922"},
    {file = "setuptools-80.9.0.tar.gz", hash = "sha256:f36b47402ecde768dbfafc46e8e4207b4360c654f1f3bb84475f0a28628fb19c"},
]

[package.extras]
check = ["pytest-checkdocs (>=2.4)", "pytest-ruff (>=0.2.1)", "ruff (>=0.8.0)"]
core = ["importlib_metadata (>=6)", "jaraco.functools (>=4)", "jaraco.text (>=3.7)", "more_itertools", "more_itertools (>=8.8)", "packaging (>=24.2)", "platformdirs (>=4.2.2)", "tomli (>=2.0.1)", "wheel (>=0.43.0)"]
cover = ["pytest-cov"]
doc = ["furo", "jaraco.packaging (>=9.3)", "jaraco.tidelift (>=1.4)", "pygments-github-lexers (==0.0.5)", "pyproject-hooks (!=1.1)", "rst.linker (>=1.9)", "sphinx (>=3.5)", "sphinx-favicon", "sphinx-inline-tabs", "sphinx-lint", "sphinx-notfound-page (>=1,<2)", "sphinx-reredirects", "sphinxcontrib-towncrier", "towncrier (<24.7)"]
enabler = ["pytest-enabler (>=2.2)"]
test = ["build[virtualenv] (>=1.0.3)", "filelock (>=3.4.0)", "ini2toml[lite] (>=0.14)", "jaraco.develop (>=7.21)", "jaraco.envs (>=2.2)", "jaraco.path (>=3.7.2)", "jaraco.test (>=5.5)", "packaging (>=24.2)", "pip (>=19.1)", "pyproject-hooks (!=1.1)", "pytest (>=6,!=8.1.*)", "pytest-home (>=0.5)", "pytest-perf", "pytest-subprocess", "pytest-timeout", "pytest-xdist (>=3)", "tomli-w (>=1.0.0)", "virtualenv (>=13.0.0)", "wheel (>=0.44.0)"]
type = ["importlib_metadata (>=7.0.2)", "jaraco.develop (>=7.21)", "mypy (==1.14.*)", "pytest-mypy"]

[[package]]
name = "types-protobuf"
version = "6.30.2.20250703"
description = "Typing stubs for protobuf"
optional = false
python-versions = ">=3.9"
files = [
    {file = "types_protobuf-6.30.2.20250703-py3-none-any.whl", hash = "sha256:fa5aff9036e9ef432d703abbdd801b436a249b6802e4df5ef74513e272434e57"},
    {file = "types_protobuf-6.30.2.20250703.tar.gz", hash = "sha256:609a974754bbb71fa178fc641f51050395e8e1849f49d0420a6281ed8d1ddf46"},
]

[[package]]
name = "typing-extensions"
version = "4.15.0"
description = "Backported and Experimental Type Hints for Python 3.9+"
optional = false
python-versions = ">=3.9"
files = [
    {file = "typing_extensions-4.15.0-py3-none-any.whl", hash = "sha256:f0fa19c6845758ab08074a0cfa8b7aecb71c999ca73d62883bc25cc018c4e548"},
    {file = "typing_extensions-4.15.0.tar.gz", hash = "sha256:0cea48d173cc12fa28ecabc3b837ea3cf6f38c6d1136f85cbaaf598984861466"},
]

[metadata]
lock-version = "2.0"
python-versions = "^3.9"
content-hash = "2a21851af476a8ae2b4bf97cbacb0a7512ec78f624d80dfc8910c6a1be6be2d8"
