# This file is automatically @generated by Poetry 1.8.2 and should not be changed by hand.

[[package]]
name = "grpcio"
version = "1.74.0"
description = "HTTP/2-based RPC framework"
optional = false
python-versions = ">=3.9"
files = [
    {file = "grpcio-1.74.0-cp310-cp310-linux_armv7l.whl", hash = "sha256:85bd5cdf4ed7b2d6438871adf6afff9af7096486fcf51818a81b77ef4dd30907"},
    {file = "grpcio-1.74.0-cp310-cp310-macosx_11_0_universal2.whl", hash = "sha256:68c8ebcca945efff9d86d8d6d7bfb0841cf0071024417e2d7f45c5e46b5b08eb"},
    {file = "grpcio-1.74.0-cp310-cp310-manylinux_2_17_aarch64.whl", hash = "sha256:e154d230dc1bbbd78ad2fdc3039fa50ad7ffcf438e4eb2fa30bce223a70c7486"},
    {file = "grpcio-1.74.0-cp310-cp310-manylinux_2_17_i686.manylinux2014_i686.whl", hash = "sha256:e8978003816c7b9eabe217f88c78bc26adc8f9304bf6a594b02e5a49b2ef9c11"},
    {file = "grpcio-1.74.0-cp310-cp310-manylinux_2_17_x86_64.manylinux2014_x86_64.whl", hash = "sha256:c3d7bd6e3929fd2ea7fbc3f562e4987229ead70c9ae5f01501a46701e08f1ad9"},
    {file = "grpcio-1.74.0-cp310-cp310-musllinux_1_1_aarch64.whl", hash = "sha256:136b53c91ac1d02c8c24201bfdeb56f8b3ac3278668cbb8e0ba49c88069e1bdc"},
    {file = "grpcio-1.74.0-cp310-cp310-musllinux_1_1_i686.whl", hash = "sha256:fe0f540750a13fd8e5da4b3eaba91a785eea8dca5ccd2bc2ffe978caa403090e"},
    {file = "grpcio-1.74.0-cp310-cp310-musllinux_1_1_x86_64.whl", hash = "sha256:4e4181bfc24413d1e3a37a0b7889bea68d973d4b45dd2bc68bb766c140718f82"},
    {file = "grpcio-1.74.0-cp310-cp310-win32.whl", hash = "sha256:1733969040989f7acc3d94c22f55b4a9501a30f6aaacdbccfaba0a3ffb255ab7"},
    {file = "grpcio-1.74.0-cp310-cp310-win_amd64.whl", hash = "sha256:9e912d3c993a29df6c627459af58975b2e5c897d93287939b9d5065f000249b5"},
    {file = "grpcio-1.74.0-cp311-cp311-linux_armv7l.whl", hash = "sha256:69e1a8180868a2576f02356565f16635b99088da7df3d45aaa7e24e73a054e31"},
    {file = "grpcio-1.74.0-cp311-cp311-macosx_11_0_universal2.whl", hash = "sha256:8efe72fde5500f47aca1ef59495cb59c885afe04ac89dd11d810f2de87d935d4"},
    {file = "grpcio-1.74.0-cp311-cp311-manylinux_2_17_aarch64.whl", hash = "sha256:a8f0302f9ac4e9923f98d8e243939a6fb627cd048f5cd38595c97e38020dffce"},
    {file = "grpcio-1.74.0-cp311-cp311-manylinux_2_17_i686.manylinux2014_i686.whl", hash = "sha256:2f609a39f62a6f6f05c7512746798282546358a37ea93c1fcbadf8b2fed162e3"},
    {file = "grpcio-1.74.0-cp311-cp311-manylinux_2_17_x86_64.manylinux2014_x86_64.whl", hash = "sha256:c98e0b7434a7fa4e3e63f250456eaef52499fba5ae661c58cc5b5477d11e7182"},
    {file = "grpcio-1.74.0-cp311-cp311-musllinux_1_1_aarch64.whl", hash = "sha256:662456c4513e298db6d7bd9c3b8df6f75f8752f0ba01fb653e252ed4a59b5a5d"},
    {file = "grpcio-1.74.0-cp311-cp311-musllinux_1_1_i686.whl", hash = "sha256:3d14e3c4d65e19d8430a4e28ceb71ace4728776fd6c3ce34016947474479683f"},
    {file = "grpcio-1.74.0-cp311-cp311-musllinux_1_1_x86_64.whl", hash = "sha256:1bf949792cee20d2078323a9b02bacbbae002b9e3b9e2433f2741c15bdeba1c4"},
    {file = "grpcio-1.74.0-cp311-cp311-win32.whl", hash = "sha256:55b453812fa7c7ce2f5c88be3018fb4a490519b6ce80788d5913f3f9d7da8c7b"},
    {file = "grpcio-1.74.0-cp311-cp311-win_amd64.whl", hash = "sha256:86ad489db097141a907c559988c29718719aa3e13370d40e20506f11b4de0d11"},
    {file = "grpcio-1.74.0-cp312-cp312-linux_armv7l.whl", hash = "sha256:8533e6e9c5bd630ca98062e3a1326249e6ada07d05acf191a77bc33f8948f3d8"},
    {file = "grpcio-1.74.0-cp312-cp312-macosx_11_0_universal2.whl", hash = "sha256:2918948864fec2a11721d91568effffbe0a02b23ecd57f281391d986847982f6"},
    {file = "grpcio-1.74.0-cp312-cp312-manylinux_2_17_aarch64.whl", hash = "sha256:60d2d48b0580e70d2e1954d0d19fa3c2e60dd7cbed826aca104fff518310d1c5"},
    {file = "grpcio-1.74.0-cp312-cp312-manylinux_2_17_i686.manylinux2014_i686.whl", hash = "sha256:3601274bc0523f6dc07666c0e01682c94472402ac2fd1226fd96e079863bfa49"},
    {file = "grpcio-1.74.0-cp312-cp312-manylinux_2_17_x86_64.manylinux2014_x86_64.whl", hash = "sha256:176d60a5168d7948539def20b2a3adcce67d72454d9ae05969a2e73f3a0feee7"},
    {file = "grpcio-1.74.0-cp312-cp312-musllinux_1_1_aarch64.whl", hash = "sha256:e759f9e8bc908aaae0412642afe5416c9f983a80499448fcc7fab8692ae044c3"},
    {file = "grpcio-1.74.0-cp312-cp312-musllinux_1_1_i686.whl", hash = "sha256:9e7c4389771855a92934b2846bd807fc25a3dfa820fd912fe6bd8136026b2707"},
    {file = "grpcio-1.74.0-cp312-cp312-musllinux_1_1_x86_64.whl", hash = "sha256:cce634b10aeab37010449124814b05a62fb5f18928ca878f1bf4750d1f0c815b"},
    {file = "grpcio-1.74.0-cp312-cp312-win32.whl", hash = "sha256:885912559974df35d92219e2dc98f51a16a48395f37b92865ad45186f294096c"},
    {file = "grpcio-1.74.0-cp312-cp312-win_amd64.whl", hash = "sha256:42f8fee287427b94be63d916c90399ed310ed10aadbf9e2e5538b3e497d269bc"},
    {file = "grpcio-1.74.0-cp313-cp313-linux_armv7l.whl", hash = "sha256:2bc2d7d8d184e2362b53905cb1708c84cb16354771c04b490485fa07ce3a1d89"},
    {file = "grpcio-1.74.0-cp313-cp313-macosx_11_0_universal2.whl", hash = "sha256:c14e803037e572c177ba54a3e090d6eb12efd795d49327c5ee2b3bddb836bf01"},
    {file = "grpcio-1.74.0-cp313-cp313-manylinux_2_17_aarch64.whl", hash = "sha256:f6ec94f0e50eb8fa1744a731088b966427575e40c2944a980049798b127a687e"},
    {file = "grpcio-1.74.0-cp313-cp313-manylinux_2_17_i686.manylinux2014_i686.whl", hash = "sha256:566b9395b90cc3d0d0c6404bc8572c7c18786ede549cdb540ae27b58afe0fb91"},
    {file = "grpcio-1.74.0-cp313-cp313-manylinux_2_17_x86_64.manylinux2014_x86_64.whl", hash = "sha256:e1ea6176d7dfd5b941ea01c2ec34de9531ba494d541fe2057c904e601879f249"},
    {file = "grpcio-1.74.0-cp313-cp313-musllinux_1_1_aarch64.whl", hash = "sha256:64229c1e9cea079420527fa8ac45d80fc1e8d3f94deaa35643c381fa8d98f362"},
    {file = "grpcio-1.74.0-cp313-cp313-musllinux_1_1_i686.whl", hash = "sha256:0f87bddd6e27fc776aacf7ebfec367b6d49cad0455123951e4488ea99d9b9b8f"},
    {file = "grpcio-1.74.0-cp313-cp313-musllinux_1_1_x86_64.whl", hash = "sha256:3b03d8f2a07f0fea8c8f74deb59f8352b770e3900d143b3d1475effcb08eec20"},
    {file = "grpcio-1.74.0-cp313-cp313-win32.whl", hash = "sha256:b6a73b2ba83e663b2480a90b82fdae6a7aa6427f62bf43b29912c0cfd1aa2bfa"},
    {file = "grpcio-1.74.0-cp313-cp313-win_amd64.whl", hash = "sha256:fd3c71aeee838299c5887230b8a1822795325ddfea635edd82954c1eaa831e24"},
    {file = "grpcio-1.74.0-cp39-cp39-linux_armv7l.whl", hash = "sha256:4bc5fca10aaf74779081e16c2bcc3d5ec643ffd528d9e7b1c9039000ead73bae"},
    {file = "grpcio-1.74.0-cp39-cp39-macosx_11_0_universal2.whl", hash = "sha256:6bab67d15ad617aff094c382c882e0177637da73cbc5532d52c07b4ee887a87b"},
    {file = "grpcio-1.74.0-cp39-cp39-manylinux_2_17_aarch64.whl", hash = "sha256:655726919b75ab3c34cdad39da5c530ac6fa32696fb23119e36b64adcfca174a"},
    {file = "grpcio-1.74.0-cp39-cp39-manylinux_2_17_i686.manylinux2014_i686.whl", hash = "sha256:1a2b06afe2e50ebfd46247ac3ba60cac523f54ec7792ae9ba6073c12daf26f0a"},
    {file = "grpcio-1.74.0-cp39-cp39-manylinux_2_17_x86_64.manylinux2014_x86_64.whl", hash = "sha256:5f251c355167b2360537cf17bea2cf0197995e551ab9da6a0a59b3da5e8704f9"},
    {file = "grpcio-1.74.0-cp39-cp39-musllinux_1_1_aarch64.whl", hash = "sha256:8f7b5882fb50632ab1e48cb3122d6df55b9afabc265582808036b6e51b9fd6b7"},
    {file = "grpcio-1.74.0-cp39-cp39-musllinux_1_1_i686.whl", hash = "sha256:834988b6c34515545b3edd13e902c1acdd9f2465d386ea5143fb558f153a7176"},
    {file = "grpcio-1.74.0-cp39-cp39-musllinux_1_1_x86_64.whl", hash = "sha256:22b834cef33429ca6cc28303c9c327ba9a3fafecbf62fae17e9a7b7163cc43ac"},
    {file = "grpcio-1.74.0-cp39-cp39-win32.whl", hash = "sha256:7d95d71ff35291bab3f1c52f52f474c632db26ea12700c2ff0ea0532cb0b5854"},
    {file = "grpcio-1.74.0-cp39-cp39-win_amd64.whl", hash = "sha256:ecde9ab49f58433abe02f9ed076c7b5be839cf0153883a6d23995937a82392fa"},
    {file = "grpcio-1.74.0.tar.gz", hash = "sha256:80d1f4fbb35b0742d3e3d3bb654b7381cd5f015f8497279a1e9c21ba623e01b1"},
]

[package.extras]
protobuf = ["grpcio-tools (>=1.74.0)"]

[[package]]
name = "grpcio-tools"
version = "1.74.0"
description = "Protobuf code generator for gRPC"
optional = false
python-versions = ">=3.9"
files = [
    {file = "grpcio_tools-1.74.0-cp310-cp310-linux_armv7l.whl", hash = "sha256:796796b4d7e83a9cdd03bb95c6774fca060fd209d83fb9af5f043e9c6f06a1fa"},
    {file = "grpcio_tools-1.74.0-cp310-cp310-macosx_11_0_universal2.whl", hash = "sha256:d576b7786207359b63c2c2e3c387639b4177cf53b1e43d020b005deead32049e"},
    {file = "grpcio_tools-1.74.0-cp310-cp310-manylinux_2_17_aarch64.whl", hash = "sha256:d73686934bfdd868be0dbfbfcba2a5f50a8b0b71362e86a133e8efcbdc5cad5d"},
    {file = "grpcio_tools-1.74.0-cp310-cp310-manylinux_2_17_i686.manylinux2014_i686.whl", hash = "sha256:187f99fd22de6e63fbf4f30b2e054a2e3c4fb80beec73b1f4716ea86192050f5"},
    {file = "grpcio_tools-1.74.0-cp310-cp310-manylinux_2_17_x86_64.manylinux2014_x86_64.whl", hash = "sha256:bef8a16c34e68aaa2d246cd358629f8103730cb96cfc521f720378995f218282"},
    {file = "grpcio_tools-1.74.0-cp310-cp310-musllinux_1_1_aarch64.whl", hash = "sha256:e41084adbae7176097aa9d08a13d98c189895ec8c967f5461975750d3537625a"},
    {file = "grpcio_tools-1.74.0-cp310-cp310-musllinux_1_1_i686.whl", hash = "sha256:6b61337b47d981b4d270e3caa83607a900169617478c034e6f6baf16ab22d333"},
    {file = "grpcio_tools-1.74.0-cp310-cp310-musllinux_1_1_x86_64.whl", hash = "sha256:7e920982b4eaab253affbd45ec6d5ec12d895f5c143374ef4c3eadef49162373"},
    {file = "grpcio_tools-1.74.0-cp310-cp310-win32.whl", hash = "sha256:b966f3b93f9d24151591d096ecf9c3fdb419a50d486761f7d28a9a69b028b627"},
    {file = "grpcio_tools-1.74.0-cp310-cp310-win_amd64.whl", hash = "sha256:03787990b56f5c3b3f72c722a7e74fbc5a3b769bbc31ad426e2c6f6a28a9d7c8"},
    {file = "grpcio_tools-1.74.0-cp311-cp311-linux_armv7l.whl", hash = "sha256:9d9e28fbbab9b9e923c3d286949e8ff81ebbb402458698f0a2b1183b539779db"},
    {file = "grpcio_tools-1.74.0-cp311-cp311-macosx_11_0_universal2.whl", hash = "sha256:41040eb1b5d1e582687f6f19cf2efc4c191b6eab56b16f6fba50ac085c5ca4dd"},
    {file = "grpcio_tools-1.74.0-cp311-cp311-manylinux_2_17_aarch64.whl", hash = "sha256:1fdc013118e4e9054b6e1a64d16a0d4a17a4071042e674ada8673406ddb26e59"},
    {file = "grpcio_tools-1.74.0-cp311-cp311-manylinux_2_17_i686.manylinux2014_i686.whl", hash = "sha256:f037414c527a2c4a3af15451d9e58d7856d0a62b3f6dd3f5b969ecba82f5e843"},
    {file = "grpcio_tools-1.74.0-cp311-cp311-manylinux_2_17_x86_64.manylinux2014_x86_64.whl", hash = "sha256:536f53a6a8d1ba1c469d085066cfa0dd3bb51f07013b71857bc3ad1eabe3ab49"},
    {file = "grpcio_tools-1.74.0-cp311-cp311-musllinux_1_1_aarch64.whl", hash = "sha256:1e23ff54dea7f6e9543dcebd2c0f4b7c9af39812966c05e1c5289477cb2bf2f7"},
    {file = "grpcio_tools-1.74.0-cp311-cp311-musllinux_1_1_i686.whl", hash = "sha256:76072dee9fa99b33eb0c334a16e70d694df762df705c7a2481f702af33d81a28"},
    {file = "grpcio_tools-1.74.0-cp311-cp311-musllinux_1_1_x86_64.whl", hash = "sha256:1bdf91eb722f2990085b1342c277e212ec392e37bd493a2a21d9eb9238f28c3e"},
    {file = "grpcio_tools-1.74.0-cp311-cp311-win32.whl", hash = "sha256:a036cd2a4223901e7a9f6a9b394326a9352a4ad70bdd3f1d893f1b231fcfdf7e"},
    {file = "grpcio_tools-1.74.0-cp311-cp311-win_amd64.whl", hash = "sha256:d1fdf245178158a92a2dc78e3545b6d13b6c917d9b80931fc85cfb3e9534a07d"},
    {file = "grpcio_tools-1.74.0-cp312-cp312-linux_armv7l.whl", hash = "sha256:61d84f6050d7170712600f7ee1dac8849f5dc0bfe0044dd71132ee1e7aa2b373"},
    {file = "grpcio_tools-1.74.0-cp312-cp312-macosx_11_0_universal2.whl", hash = "sha256:f0129a62711dbc1f1efd51d069d2ce0631d69e033bf3a046606c623acf935e08"},
    {file = "grpcio_tools-1.74.0-cp312-cp312-manylinux_2_17_aarch64.whl", hash = "sha256:5ec661f3bb41f0d2a30125ea382f4d5c874bf4f26d4d8e3839bb7e3b3c037b3e"},
    {file = "grpcio_tools-1.74.0-cp312-cp312-manylinux_2_17_i686.manylinux2014_i686.whl", hash = "sha256:7970a9cf3002bec2eff5a449ac7398b77e5d171cbb534c47258c72409d0aea74"},
    {file = "grpcio_tools-1.74.0-cp312-cp312-manylinux_2_17_x86_64.manylinux2014_x86_64.whl", hash = "sha256:6f56d67b04790f84e216353341c6b298f1aeb591e1797fe955f606516c640936"},
    {file = "grpcio_tools-1.74.0-cp312-cp312-musllinux_1_1_aarch64.whl", hash = "sha256:e3d0c33cc984d21525f190cb1af479f8da46370df5f2ced1a4e50769ababd0c0"},
    {file = "grpcio_tools-1.74.0-cp312-cp312-musllinux_1_1_i686.whl", hash = "sha256:88e535c1cf349e57e371529ea9918f811c5eff88161f322bbc06d6222bad6d50"},
    {file = "grpcio_tools-1.74.0-cp312-cp312-musllinux_1_1_x86_64.whl", hash = "sha256:c3cf9401ce72bc49582c2d80e0a2ee0e573e1c3c998c8bc5f739db8845e8e148"},
    {file = "grpcio_tools-1.74.0-cp312-cp312-win32.whl", hash = "sha256:b63e250da44b15c67b9a34c5c30c81059bde528fc8af092d7f43194469f7c719"},
    {file = "grpcio_tools-1.74.0-cp312-cp312-win_amd64.whl", hash = "sha256:519d7cae085ae6695a8031bb990bf7766a922332b0a531e51342abc5431b78b5"},
    {file = "grpcio_tools-1.74.0-cp313-cp313-linux_armv7l.whl", hash = "sha256:e2e22460355adbd0f25fdd7ed8b9ae53afb3875b9d5f34cdf1cf12559418245e"},
    {file = "grpcio_tools-1.74.0-cp313-cp313-macosx_11_0_universal2.whl", hash = "sha256:0cab5a2c6ae75b555fee8a1a9a9b575205171e1de392fe2d4139a29e67d8f5bb"},
    {file = "grpcio_tools-1.74.0-cp313-cp313-manylinux_2_17_aarch64.whl", hash = "sha256:9b18afca48b55832402a716ea4634ef2b68927a8a17ddf4038f51812299255c9"},
    {file = "grpcio_tools-1.74.0-cp313-cp313-manylinux_2_17_i686.manylinux2014_i686.whl", hash = "sha256:e85f442a9e89e276bf89a0c9c76ea71647a927d967759333c1fa40300c27f7bd"},
    {file = "grpcio_tools-1.74.0-cp313-cp313-manylinux_2_17_x86_64.manylinux2014_x86_64.whl", hash = "sha256:051ce925b0b99ae2daf61b3cba19962b8655cc2a72758ce4081b89272206f5a3"},
    {file = "grpcio_tools-1.74.0-cp313-cp313-musllinux_1_1_aarch64.whl", hash = "sha256:98c7b8eb0de6984cd7fa7335ce3383b3bb9a1559edc238c811df88008d5d3593"},
    {file = "grpcio_tools-1.74.0-cp313-cp313-musllinux_1_1_i686.whl", hash = "sha256:f8f7d17b7573b9a2a6b4183fa4a56a2ab17370c8d0541e1424cf0c9c6f863434"},
    {file = "grpcio_tools-1.74.0-cp313-cp313-musllinux_1_1_x86_64.whl", hash = "sha256:db08b91ea0cd66dc4b1b929100e7aa84c9c10c51573c8282ec1ba05b41f887ef"},
    {file = "grpcio_tools-1.74.0-cp313-cp313-win32.whl", hash = "sha256:4b6c5efb331ae9e5f614437f4a5938459a8a5a1ab3dfe133d2bbdeaba39b894d"},
    {file = "grpcio_tools-1.74.0-cp313-cp313-win_amd64.whl", hash = "sha256:b8324cd67f61f7900d227b36913ee5f0302ba3ba8777c8bc705afa8174098d28"},
    {file = "grpcio_tools-1.74.0-cp39-cp39-linux_armv7l.whl", hash = "sha256:39045d07f2582b35685858e1616761b7ad45085e446941c8f9f7c6da523f83c3"},
    {file = "grpcio_tools-1.74.0-cp39-cp39-macosx_11_0_universal2.whl", hash = "sha256:406ec87e2fd4cb6a40229fbecebcd11973afd4747484bfd5c2bc2ebe81545b7a"},
    {file = "grpcio_tools-1.74.0-cp39-cp39-manylinux_2_17_aarch64.whl", hash = "sha256:70725de8cf724c54040502f199ea28df0e8bc480175eacbed8c999c9ad4c0ffe"},
    {file = "grpcio_tools-1.74.0-cp39-cp39-manylinux_2_17_i686.manylinux2014_i686.whl", hash = "sha256:333003e6a9dc304da9e6b086294a8d25212c542284e60699a72b456c515f114c"},
    {file = "grpcio_tools-1.74.0-cp39-cp39-manylinux_2_17_x86_64.manylinux2014_x86_64.whl", hash = "sha256:5274a4f227e4bd244e3890a9238bda47b169765421ea87f157e4955ea39b4326"},
    {file = "grpcio_tools-1.74.0-cp39-cp39-musllinux_1_1_aarch64.whl", hash = "sha256:f476f1ec637888a49402a1acff52bb641ec01a8672f60b57c5ee0a1d0e0763d2"},
    {file = "grpcio_tools-1.74.0-cp39-cp39-musllinux_1_1_i686.whl", hash = "sha256:0e8c22e390800175417ec646fac99acaadcbd2f5cdb1a27694995ca86d3bbfd3"},
    {file = "grpcio_tools-1.74.0-cp39-cp39-musllinux_1_1_x86_64.whl", hash = "sha256:77b400d3c87b1f85be505366e299e00214e2266f604ab58616fc77d016336a24"},
    {file = "grpcio_tools-1.74.0-cp39-cp39-win32.whl", hash = "sha256:fc572f8af2d8f13db4b0091dcf518d6ca5c82ea6f59e8716683bd8aeb729b203"},
    {file = "grpcio_tools-1.74.0-cp39-cp39-win_amd64.whl", hash = "sha256:700d8933684f66dd8edc0324590fa61930bed8f9fb66322a48f5c7ba08386810"},
    {file = "grpcio_tools-1.74.0.tar.gz", hash = "sha256:88ab9eb18b6ac1b4872add6b394073bd8d44eee7c32e4dc60a022e25ffaffb95"},
]

[package.dependencies]
grpcio = ">=1.74.0"
protobuf = ">=6.31.1,<7.0.0"
setuptools = "*"

[[package]]
name = "mypy-protobuf"
version = "3.6.0"
description = "Generate mypy stub files from protobuf specs"
optional = false
python-versions = ">=3.8"
files = [
    {file = "mypy-protobuf-3.6.0.tar.gz", hash = "sha256:02f242eb3409f66889f2b1a3aa58356ec4d909cdd0f93115622e9e70366eca3c"},
    {file = "mypy_protobuf-3.6.0-py3-none-any.whl", hash = "sha256:56176e4d569070e7350ea620262478b49b7efceba4103d468448f1d21492fd6c"},
]

[package.dependencies]
protobuf = ">=4.25.3"
types-protobuf = ">=4.24"

[[package]]
name = "protobuf"
version = "6.31.1"
description = ""
optional = false
python-versions = ">=3.9"
files = [
    {file = "protobuf-6.31.1-cp310-abi3-win32.whl", hash = "sha256:7fa17d5a29c2e04b7d90e5e32388b8bfd0e7107cd8e616feef7ed3fa6bdab5c9"},
    {file = "protobuf-6.31.1-cp310-abi3-win_amd64.whl", hash = "sha256:426f59d2964864a1a366254fa703b8632dcec0790d8862d30034d8245e1cd447"},
    {file = "protobuf-6.31.1-cp39-abi3-macosx_10_9_universal2.whl", hash = "sha256:6f1227473dc43d44ed644425268eb7c2e488ae245d51c6866d19fe158e207402"},
    {file = "protobuf-6.31.1-cp39-abi3-manylinux2014_aarch64.whl", hash = "sha256:a40fc12b84c154884d7d4c4ebd675d5b3b5283e155f324049ae396b95ddebc39"},
    {file = "protobuf-6.31.1-cp39-abi3-manylinux2014_x86_64.whl", hash = "sha256:4ee898bf66f7a8b0bd21bce523814e6fbd8c6add948045ce958b73af7e8878c6"},
    {file = "protobuf-6.31.1-cp39-cp39-win32.whl", hash = "sha256:0414e3aa5a5f3ff423828e1e6a6e907d6c65c1d5b7e6e975793d5590bdeecc16"},
    {file = "protobuf-6.31.1-cp39-cp39-win_amd64.whl", hash = "sha256:8764cf4587791e7564051b35524b72844f845ad0bb011704c3736cce762d8fe9"},
    {file = "protobuf-6.31.1-py3-none-any.whl", hash = "sha256:720a6c7e6b77288b85063569baae8536671b39f15cc22037ec7045658d80489e"},
    {file = "protobuf-6.31.1.tar.gz", hash = "sha256:d8cac4c982f0b957a4dc73a80e2ea24fab08e679c0de9deb835f4a12d69aca9a"},
]

[[package]]
name = "setuptools"
version = "80.9.0"
description = "Easily download, build, install, upgrade, and uninstall Python packages"
optional = false
python-versions = ">=3.9"
files = [
    {file = "setuptools-80.9.0-py3-none-any.whl", hash = "sha256:062d34222ad13e0cc312a4c02d73f059e86a4acbfbdea8f8f76b28c99f306922"},
    {file = "setuptools-80.9.0.tar.gz", hash = "sha256:f36b47402ecde768dbfafc46e8e4207b4360c654f1f3bb84475f0a28628fb19c"},
]

[package.extras]
check = ["pytest-checkdocs (>=2.4)", "pytest-ruff (>=0.2.1)", "ruff (>=0.8.0)"]
core = ["importlib_metadata (>=6)", "jaraco.functools (>=4)", "jaraco.text (>=3.7)", "more_itertools", "more_itertools (>=8.8)", "packaging (>=24.2)", "platformdirs (>=4.2.2)", "tomli (>=2.0.1)", "wheel (>=0.43.0)"]
cover = ["pytest-cov"]
doc = ["furo", "jaraco.packaging (>=9.3)", "jaraco.tidelift (>=1.4)", "pygments-github-lexers (==0.0.5)", "pyproject-hooks (!=1.1)", "rst.linker (>=1.9)", "sphinx (>=3.5)", "sphinx-favicon", "sphinx-inline-tabs", "sphinx-lint", "sphinx-notfound-page (>=1,<2)", "sphinx-reredirects", "sphinxcontrib-towncrier", "towncrier (<24.7)"]
enabler = ["pytest-enabler (>=2.2)"]
test = ["build[virtualenv] (>=1.0.3)", "filelock (>=3.4.0)", "ini2toml[lite] (>=0.14)", "jaraco.develop (>=7.21)", "jaraco.envs (>=2.2)", "jaraco.path (>=3.7.2)", "jaraco.test (>=5.5)", "packaging (>=24.2)", "pip (>=19.1)", "pyproject-hooks (!=1.1)", "pytest (>=6,!=8.1.*)", "pytest-home (>=0.5)", "pytest-perf", "pytest-subprocess", "pytest-timeout", "pytest-xdist (>=3)", "tomli-w (>=1.0.0)", "virtualenv (>=13.0.0)", "wheel (>=0.44.0)"]
type = ["importlib_metadata (>=7.0.2)", "jaraco.develop (>=7.21)", "mypy (==1.14.*)", "pytest-mypy"]

[[package]]
name = "types-protobuf"
version = "6.30.2.20250516"
description = "Typing stubs for protobuf"
optional = false
python-versions = ">=3.9"
files = [
    {file = "types_protobuf-6.30.2.20250516-py3-none-any.whl", hash = "sha256:8c226d05b5e8b2623111765fa32d6e648bbc24832b4c2fddf0fa340ba5d5b722"},
    {file = "types_protobuf-6.30.2.20250516.tar.gz", hash = "sha256:aecd1881770a9bb225ede66872ef7f0da4505edd0b193108edd9892e48d49a41"},
]

[metadata]
lock-version = "2.0"
python-versions = "^3.9"
content-hash = "2a21851af476a8ae2b4bf97cbacb0a7512ec78f624d80dfc8910c6a1be6be2d8"
