# This file is automatically @generated by Poetry 1.8.2 and should not be changed by hand.

[[package]]
name = "grpcio"
version = "1.73.1"
description = "HTTP/2-based RPC framework"
optional = false
python-versions = ">=3.9"
files = [
    {file = "grpcio-1.73.1-cp310-cp310-linux_armv7l.whl", hash = "sha256:2d70f4ddd0a823436c2624640570ed6097e40935c9194482475fe8e3d9754d55"},
    {file = "grpcio-1.73.1-cp310-cp310-macosx_11_0_universal2.whl", hash = "sha256:3841a8a5a66830261ab6a3c2a3dc539ed84e4ab019165f77b3eeb9f0ba621f26"},
    {file = "grpcio-1.73.1-cp310-cp310-manylinux_2_17_aarch64.whl", hash = "sha256:628c30f8e77e0258ab788750ec92059fc3d6628590fb4b7cea8c102503623ed7"},
    {file = "grpcio-1.73.1-cp310-cp310-manylinux_2_17_i686.manylinux2014_i686.whl", hash = "sha256:67a0468256c9db6d5ecb1fde4bf409d016f42cef649323f0a08a72f352d1358b"},
    {file = "grpcio-1.73.1-cp310-cp310-manylinux_2_17_x86_64.manylinux2014_x86_64.whl", hash = "sha256:68b84d65bbdebd5926eb5c53b0b9ec3b3f83408a30e4c20c373c5337b4219ec5"},
    {file = "grpcio-1.73.1-cp310-cp310-musllinux_1_1_aarch64.whl", hash = "sha256:c54796ca22b8349cc594d18b01099e39f2b7ffb586ad83217655781a350ce4da"},
    {file = "grpcio-1.73.1-cp310-cp310-musllinux_1_1_i686.whl", hash = "sha256:75fc8e543962ece2f7ecd32ada2d44c0c8570ae73ec92869f9af8b944863116d"},
    {file = "grpcio-1.73.1-cp310-cp310-musllinux_1_1_x86_64.whl", hash = "sha256:6a6037891cd2b1dd1406b388660522e1565ed340b1fea2955b0234bdd941a862"},
    {file = "grpcio-1.73.1-cp310-cp310-win32.whl", hash = "sha256:cce7265b9617168c2d08ae570fcc2af4eaf72e84f8c710ca657cc546115263af"},
    {file = "grpcio-1.73.1-cp310-cp310-win_amd64.whl", hash = "sha256:6a2b372e65fad38842050943f42ce8fee00c6f2e8ea4f7754ba7478d26a356ee"},
    {file = "grpcio-1.73.1-cp311-cp311-linux_armv7l.whl", hash = "sha256:ba2cea9f7ae4bc21f42015f0ec98f69ae4179848ad744b210e7685112fa507a1"},
    {file = "grpcio-1.73.1-cp311-cp311-macosx_11_0_universal2.whl", hash = "sha256:d74c3f4f37b79e746271aa6cdb3a1d7e4432aea38735542b23adcabaaee0c097"},
    {file = "grpcio-1.73.1-cp311-cp311-manylinux_2_17_aarch64.whl", hash = "sha256:5b9b1805a7d61c9e90541cbe8dfe0a593dfc8c5c3a43fe623701b6a01b01d710"},
    {file = "grpcio-1.73.1-cp311-cp311-manylinux_2_17_i686.manylinux2014_i686.whl", hash = "sha256:b3215f69a0670a8cfa2ab53236d9e8026bfb7ead5d4baabe7d7dc11d30fda967"},
    {file = "grpcio-1.73.1-cp311-cp311-manylinux_2_17_x86_64.manylinux2014_x86_64.whl", hash = "sha256:bc5eccfd9577a5dc7d5612b2ba90cca4ad14c6d949216c68585fdec9848befb1"},
    {file = "grpcio-1.73.1-cp311-cp311-musllinux_1_1_aarch64.whl", hash = "sha256:dc7d7fd520614fce2e6455ba89791458020a39716951c7c07694f9dbae28e9c0"},
    {file = "grpcio-1.73.1-cp311-cp311-musllinux_1_1_i686.whl", hash = "sha256:105492124828911f85127e4825d1c1234b032cb9d238567876b5515d01151379"},
    {file = "grpcio-1.73.1-cp311-cp311-musllinux_1_1_x86_64.whl", hash = "sha256:610e19b04f452ba6f402ac9aa94eb3d21fbc94553368008af634812c4a85a99e"},
    {file = "grpcio-1.73.1-cp311-cp311-win32.whl", hash = "sha256:d60588ab6ba0ac753761ee0e5b30a29398306401bfbceffe7d68ebb21193f9d4"},
    {file = "grpcio-1.73.1-cp311-cp311-win_amd64.whl", hash = "sha256:6957025a4608bb0a5ff42abd75bfbb2ed99eda29d5992ef31d691ab54b753643"},
    {file = "grpcio-1.73.1-cp312-cp312-linux_armv7l.whl", hash = "sha256:921b25618b084e75d424a9f8e6403bfeb7abef074bb6c3174701e0f2542debcf"},
    {file = "grpcio-1.73.1-cp312-cp312-macosx_11_0_universal2.whl", hash = "sha256:277b426a0ed341e8447fbf6c1d6b68c952adddf585ea4685aa563de0f03df887"},
    {file = "grpcio-1.73.1-cp312-cp312-manylinux_2_17_aarch64.whl", hash = "sha256:96c112333309493c10e118d92f04594f9055774757f5d101b39f8150f8c25582"},
    {file = "grpcio-1.73.1-cp312-cp312-manylinux_2_17_i686.manylinux2014_i686.whl", hash = "sha256:f48e862aed925ae987eb7084409a80985de75243389dc9d9c271dd711e589918"},
    {file = "grpcio-1.73.1-cp312-cp312-manylinux_2_17_x86_64.manylinux2014_x86_64.whl", hash = "sha256:83a6c2cce218e28f5040429835fa34a29319071079e3169f9543c3fbeff166d2"},
    {file = "grpcio-1.73.1-cp312-cp312-musllinux_1_1_aarch64.whl", hash = "sha256:65b0458a10b100d815a8426b1442bd17001fdb77ea13665b2f7dc9e8587fdc6b"},
    {file = "grpcio-1.73.1-cp312-cp312-musllinux_1_1_i686.whl", hash = "sha256:0a9f3ea8dce9eae9d7cb36827200133a72b37a63896e0e61a9d5ec7d61a59ab1"},
    {file = "grpcio-1.73.1-cp312-cp312-musllinux_1_1_x86_64.whl", hash = "sha256:de18769aea47f18e782bf6819a37c1c528914bfd5683b8782b9da356506190c8"},
    {file = "grpcio-1.73.1-cp312-cp312-win32.whl", hash = "sha256:24e06a5319e33041e322d32c62b1e728f18ab8c9dbc91729a3d9f9e3ed336642"},
    {file = "grpcio-1.73.1-cp312-cp312-win_amd64.whl", hash = "sha256:303c8135d8ab176f8038c14cc10d698ae1db9c480f2b2823f7a987aa2a4c5646"},
    {file = "grpcio-1.73.1-cp313-cp313-linux_armv7l.whl", hash = "sha256:b310824ab5092cf74750ebd8a8a8981c1810cb2b363210e70d06ef37ad80d4f9"},
    {file = "grpcio-1.73.1-cp313-cp313-macosx_11_0_universal2.whl", hash = "sha256:8f5a6df3fba31a3485096ac85b2e34b9666ffb0590df0cd044f58694e6a1f6b5"},
    {file = "grpcio-1.73.1-cp313-cp313-manylinux_2_17_aarch64.whl", hash = "sha256:052e28fe9c41357da42250a91926a3e2f74c046575c070b69659467ca5aa976b"},
    {file = "grpcio-1.73.1-cp313-cp313-manylinux_2_17_i686.manylinux2014_i686.whl", hash = "sha256:1c0bf15f629b1497436596b1cbddddfa3234273490229ca29561209778ebe182"},
    {file = "grpcio-1.73.1-cp313-cp313-manylinux_2_17_x86_64.manylinux2014_x86_64.whl", hash = "sha256:0ab860d5bfa788c5a021fba264802e2593688cd965d1374d31d2b1a34cacd854"},
    {file = "grpcio-1.73.1-cp313-cp313-musllinux_1_1_aarch64.whl", hash = "sha256:ad1d958c31cc91ab050bd8a91355480b8e0683e21176522bacea225ce51163f2"},
    {file = "grpcio-1.73.1-cp313-cp313-musllinux_1_1_i686.whl", hash = "sha256:f43ffb3bd415c57224c7427bfb9e6c46a0b6e998754bfa0d00f408e1873dcbb5"},
    {file = "grpcio-1.73.1-cp313-cp313-musllinux_1_1_x86_64.whl", hash = "sha256:686231cdd03a8a8055f798b2b54b19428cdf18fa1549bee92249b43607c42668"},
    {file = "grpcio-1.73.1-cp313-cp313-win32.whl", hash = "sha256:89018866a096e2ce21e05eabed1567479713ebe57b1db7cbb0f1e3b896793ba4"},
    {file = "grpcio-1.73.1-cp313-cp313-win_amd64.whl", hash = "sha256:4a68f8c9966b94dff693670a5cf2b54888a48a5011c5d9ce2295a1a1465ee84f"},
    {file = "grpcio-1.73.1-cp39-cp39-linux_armv7l.whl", hash = "sha256:b4adc97d2d7f5c660a5498bda978ebb866066ad10097265a5da0511323ae9f50"},
    {file = "grpcio-1.73.1-cp39-cp39-macosx_11_0_universal2.whl", hash = "sha256:c45a28a0cfb6ddcc7dc50a29de44ecac53d115c3388b2782404218db51cb2df3"},
    {file = "grpcio-1.73.1-cp39-cp39-manylinux_2_17_aarch64.whl", hash = "sha256:10af9f2ab98a39f5b6c1896c6fc2036744b5b41d12739d48bed4c3e15b6cf900"},
    {file = "grpcio-1.73.1-cp39-cp39-manylinux_2_17_i686.manylinux2014_i686.whl", hash = "sha256:45cf17dcce5ebdb7b4fe9e86cb338fa99d7d1bb71defc78228e1ddf8d0de8cbb"},
    {file = "grpcio-1.73.1-cp39-cp39-manylinux_2_17_x86_64.manylinux2014_x86_64.whl", hash = "sha256:1c502c2e950fc7e8bf05c047e8a14522ef7babac59abbfde6dbf46b7a0d9c71e"},
    {file = "grpcio-1.73.1-cp39-cp39-musllinux_1_1_aarch64.whl", hash = "sha256:6abfc0f9153dc4924536f40336f88bd4fe7bd7494f028675e2e04291b8c2c62a"},
    {file = "grpcio-1.73.1-cp39-cp39-musllinux_1_1_i686.whl", hash = "sha256:ed451a0e39c8e51eb1612b78686839efd1a920666d1666c1adfdb4fd51680c0f"},
    {file = "grpcio-1.73.1-cp39-cp39-musllinux_1_1_x86_64.whl", hash = "sha256:07f08705a5505c9b5b0cbcbabafb96462b5a15b7236bbf6bbcc6b0b91e1cbd7e"},
    {file = "grpcio-1.73.1-cp39-cp39-win32.whl", hash = "sha256:ad5c958cc3d98bb9d71714dc69f1c13aaf2f4b53e29d4cc3f1501ef2e4d129b2"},
    {file = "grpcio-1.73.1-cp39-cp39-win_amd64.whl", hash = "sha256:42f0660bce31b745eb9d23f094a332d31f210dcadd0fc8e5be7e4c62a87ce86b"},
    {file = "grpcio-1.73.1.tar.gz", hash = "sha256:7fce2cd1c0c1116cf3850564ebfc3264fba75d3c74a7414373f1238ea365ef87"},
]

[package.extras]
protobuf = ["grpcio-tools (>=1.73.1)"]

[[package]]
name = "grpcio-tools"
version = "1.73.1"
description = "Protobuf code generator for gRPC"
optional = false
python-versions = ">=3.9"
files = [
    {file = "grpcio_tools-1.73.1-cp310-cp310-linux_armv7l.whl", hash = "sha256:0731b21a7f3988a9f8c244ffe3940a0579e5b5f2a99d08448459e0b49350d47a"},
    {file = "grpcio_tools-1.73.1-cp310-cp310-macosx_11_0_universal2.whl", hash = "sha256:15e47b19b70ce6100e9843570e16b0561045c37b5e9d390f1cb54292c99b51b6"},
    {file = "grpcio_tools-1.73.1-cp310-cp310-manylinux_2_17_aarch64.whl", hash = "sha256:fbe6cd3e863928b5c127d4956c60e44101f495ddcb69738290db6ef497ce505c"},
    {file = "grpcio_tools-1.73.1-cp310-cp310-manylinux_2_17_i686.manylinux2014_i686.whl", hash = "sha256:71c35a6b4d125bec877daefaf7dedb566d37ed4e903a45b74e491683e006afa4"},
    {file = "grpcio_tools-1.73.1-cp310-cp310-manylinux_2_17_x86_64.manylinux2014_x86_64.whl", hash = "sha256:9486235da85a80accaeaab5829c09e19b70ee96ff100d3f7b342ec9344d96134"},
    {file = "grpcio_tools-1.73.1-cp310-cp310-musllinux_1_1_aarch64.whl", hash = "sha256:86dfd562a9ebb74849aca345237cf87c2732067e410752ff809b8bfdf7aa5f49"},
    {file = "grpcio_tools-1.73.1-cp310-cp310-musllinux_1_1_i686.whl", hash = "sha256:bde8101bc7a60de6297916a468bf7900be6e2c0f9965a1a6591aa06bd02e2df3"},
    {file = "grpcio_tools-1.73.1-cp310-cp310-musllinux_1_1_x86_64.whl", hash = "sha256:b41e2417003b34bf672aa4ec5a48e22d9fc28f7de5f25d9a01fb1e3dcc86af6a"},
    {file = "grpcio_tools-1.73.1-cp310-cp310-win32.whl", hash = "sha256:bb05d02ca7d603260555cc0bbec616b116f741561d5b5c78a65bc3fae5982d5e"},
    {file = "grpcio_tools-1.73.1-cp310-cp310-win_amd64.whl", hash = "sha256:5f0cd287545c9430e3e395181ee11ca9b7bef4c41b1c28afa9174ea5a868dcda"},
    {file = "grpcio_tools-1.73.1-cp311-cp311-linux_armv7l.whl", hash = "sha256:2bc4a46177df43853b070a4b6b6106d9829a639bc8b9516a005a879d3e5da0f9"},
    {file = "grpcio_tools-1.73.1-cp311-cp311-macosx_11_0_universal2.whl", hash = "sha256:448b38ec72ed62c932d48e49e0facbb51e8045065dabf3bb63149810971a51e7"},
    {file = "grpcio_tools-1.73.1-cp311-cp311-manylinux_2_17_aarch64.whl", hash = "sha256:249be7616b323b8af72a02bd218bfbba388010e6ccb471c57d42e49b620686f7"},
    {file = "grpcio_tools-1.73.1-cp311-cp311-manylinux_2_17_i686.manylinux2014_i686.whl", hash = "sha256:129dd1e46386da74d78d588c5a7f5c51d8dc2ec40fea95f9a012f655767fd5f3"},
    {file = "grpcio_tools-1.73.1-cp311-cp311-manylinux_2_17_x86_64.manylinux2014_x86_64.whl", hash = "sha256:2d53cd62c30fbd9597c05066a45e5750a11ec566c5fe0d17878e169bd2c66157"},
    {file = "grpcio_tools-1.73.1-cp311-cp311-musllinux_1_1_aarch64.whl", hash = "sha256:d8f4e2ee735dc6033b6f3379584759cc95259581c9bc58db5dd0e69cc71310f1"},
    {file = "grpcio_tools-1.73.1-cp311-cp311-musllinux_1_1_i686.whl", hash = "sha256:b2795d85da34846bbe6693f0da4c1f9bfa8a77e6cbd85cb83eb1231f1315a2ae"},
    {file = "grpcio_tools-1.73.1-cp311-cp311-musllinux_1_1_x86_64.whl", hash = "sha256:40834bf3551a6936151f4ba7eba4a37c8ff66eacb0bb5affa4630afbe78f061d"},
    {file = "grpcio_tools-1.73.1-cp311-cp311-win32.whl", hash = "sha256:0b809d936463fabeda6999eb681b5d4869dd8e5fe4d2fb9dbfee0d2a4c0ce67a"},
    {file = "grpcio_tools-1.73.1-cp311-cp311-win_amd64.whl", hash = "sha256:e0257401088f29315fe0ad7f388ad061cf5b57a89e9abf039f8d9c7a54e9580d"},
    {file = "grpcio_tools-1.73.1-cp312-cp312-linux_armv7l.whl", hash = "sha256:23af3de80c89ee803d0143c6293f8e979a851f0414702b5de973e205fca69db2"},
    {file = "grpcio_tools-1.73.1-cp312-cp312-macosx_11_0_universal2.whl", hash = "sha256:fbf17ad6fff6c9002d28bc3632216eafb59631308b05c4cf80e72d21c33f7dc9"},
    {file = "grpcio_tools-1.73.1-cp312-cp312-manylinux_2_17_aarch64.whl", hash = "sha256:aa05ecd0b2ca583862d107eea4d9480a2d89987ae46bc02944cc450a122f833b"},
    {file = "grpcio_tools-1.73.1-cp312-cp312-manylinux_2_17_i686.manylinux2014_i686.whl", hash = "sha256:664fbec02f93d14bb74c442e06ba20a4448a20236ed3d6ac5d2c4ef82a33a8b4"},
    {file = "grpcio_tools-1.73.1-cp312-cp312-manylinux_2_17_x86_64.manylinux2014_x86_64.whl", hash = "sha256:60aa528d7576c932f43172723188f53aaa7bdb307e52d22f2e5ab831a3667693"},
    {file = "grpcio_tools-1.73.1-cp312-cp312-musllinux_1_1_aarch64.whl", hash = "sha256:3893517010bcdb8cb4949715786bc5953fe7df6b575f8b1725531ed492b1080c"},
    {file = "grpcio_tools-1.73.1-cp312-cp312-musllinux_1_1_i686.whl", hash = "sha256:654083a2d4e83679d4fb6ac46a2748c1b57ecf45be5cbe88d88a1a4aef6b3281"},
    {file = "grpcio_tools-1.73.1-cp312-cp312-musllinux_1_1_x86_64.whl", hash = "sha256:cd8b1077849acd69923b08a8e5221050e5201eb65907487ee6d69aa06b583b46"},
    {file = "grpcio_tools-1.73.1-cp312-cp312-win32.whl", hash = "sha256:0273f64c8db4a52a3a99fd34c83a1a1723bd3ac6806d3054a93f08044609fa65"},
    {file = "grpcio_tools-1.73.1-cp312-cp312-win_amd64.whl", hash = "sha256:0626266b0df489d6e8bdd4178b1c78cac9963fde4c5ba6b205b329e46696b334"},
    {file = "grpcio_tools-1.73.1-cp313-cp313-linux_armv7l.whl", hash = "sha256:4687200e18d316ef1e28824bf9c62c2c6a3a2aacf4e0d292306258ef05955587"},
    {file = "grpcio_tools-1.73.1-cp313-cp313-macosx_11_0_universal2.whl", hash = "sha256:b86daf2dba207aace486cf5752c9c5d35864cd67f1df1429f7341af3984dadc7"},
    {file = "grpcio_tools-1.73.1-cp313-cp313-manylinux_2_17_aarch64.whl", hash = "sha256:44ec622d210740ed6c4300ea51fc43faaa0c58f4e2c4b03e2fe5a452b8e440ce"},
    {file = "grpcio_tools-1.73.1-cp313-cp313-manylinux_2_17_i686.manylinux2014_i686.whl", hash = "sha256:7ceac9073030012596cb7923643552329e48fb911eea3225624b8ef34bae92e1"},
    {file = "grpcio_tools-1.73.1-cp313-cp313-manylinux_2_17_x86_64.manylinux2014_x86_64.whl", hash = "sha256:43329b47e982798c9eb18f652fc10fef5d22f9df51001a10f1ece01d9d203c04"},
    {file = "grpcio_tools-1.73.1-cp313-cp313-musllinux_1_1_aarch64.whl", hash = "sha256:f0afb000ff67f7665f3eedd797c23b403a6bdae829d6e610944aeb6959193698"},
    {file = "grpcio_tools-1.73.1-cp313-cp313-musllinux_1_1_i686.whl", hash = "sha256:40c5def66b69c8c8f8a6af8d47a5e6b5825055c7ef7cf2b1b58c57ddc86bf3be"},
    {file = "grpcio_tools-1.73.1-cp313-cp313-musllinux_1_1_x86_64.whl", hash = "sha256:9a0eb7d88c9f1992afb3021e45721971e49d612b03fa5d38cce6e4369509f32c"},
    {file = "grpcio_tools-1.73.1-cp313-cp313-win32.whl", hash = "sha256:34480c6964d16b7fa0012b9fc574efa9e2f71c80f8bc9da0887c300abb7130f3"},
    {file = "grpcio_tools-1.73.1-cp313-cp313-win_amd64.whl", hash = "sha256:2b005373ad23dc0f25d8d6ec6d219fc3a6831b8d0f487be8f9bb2315307ba1c1"},
    {file = "grpcio_tools-1.73.1-cp39-cp39-linux_armv7l.whl", hash = "sha256:c094d9337aecf88eb20573ddc65337579e064298f94553c808757a2621f38631"},
    {file = "grpcio_tools-1.73.1-cp39-cp39-macosx_11_0_universal2.whl", hash = "sha256:82345bd956dd401fa4bc3a3285fb67a574c977226ccc610e4d384787bf0294f1"},
    {file = "grpcio_tools-1.73.1-cp39-cp39-manylinux_2_17_aarch64.whl", hash = "sha256:ca9650acc6ec4acdfe77afd0f4a6a1ff1db80519b080a8680b3c56bd67011c93"},
    {file = "grpcio_tools-1.73.1-cp39-cp39-manylinux_2_17_i686.manylinux2014_i686.whl", hash = "sha256:dffa2d4b6cfeeeebf6d54671927772f5655f0a2a01b1ca17ad70dde79e6e25f9"},
    {file = "grpcio_tools-1.73.1-cp39-cp39-manylinux_2_17_x86_64.manylinux2014_x86_64.whl", hash = "sha256:0dfc097eb3ff676d2cb4c071a20f8afee118bb5c3206d37f1318b58dee8c133f"},
    {file = "grpcio_tools-1.73.1-cp39-cp39-musllinux_1_1_aarch64.whl", hash = "sha256:4f4f135277713a07888f3b47fa4f364e7c512a7c9aede4d431feb10c735564ef"},
    {file = "grpcio_tools-1.73.1-cp39-cp39-musllinux_1_1_i686.whl", hash = "sha256:3c3feb2fc36cd8f009e34a5d82a8f81b00a25e177f1faa7a8809bd1b56382afe"},
    {file = "grpcio_tools-1.73.1-cp39-cp39-musllinux_1_1_x86_64.whl", hash = "sha256:91da6ddcf05ab350432b21e96e4991b170d785bddb791a75f4e6dbb5eacbd9e6"},
    {file = "grpcio_tools-1.73.1-cp39-cp39-win32.whl", hash = "sha256:1828327b2b3ac8863dc0f90d8df0164f28c6b3b033bafe4a37d71d667723d34c"},
    {file = "grpcio_tools-1.73.1-cp39-cp39-win_amd64.whl", hash = "sha256:14276b21d47974e59519de53572ad03aded2eccaf07a8cfb07dc9eb5c98f0d88"},
    {file = "grpcio_tools-1.73.1.tar.gz", hash = "sha256:6e06adec3b0870f5947953b0ef8dbdf2cebcdff61fb1fe08120cc7483c7978aa"},
]

[package.dependencies]
grpcio = ">=1.73.1"
protobuf = ">=6.30.0,<7.0.0"
setuptools = "*"

[[package]]
name = "mypy-protobuf"
version = "3.6.0"
description = "Generate mypy stub files from protobuf specs"
optional = false
python-versions = ">=3.8"
files = [
    {file = "mypy-protobuf-3.6.0.tar.gz", hash = "sha256:02f242eb3409f66889f2b1a3aa58356ec4d909cdd0f93115622e9e70366eca3c"},
    {file = "mypy_protobuf-3.6.0-py3-none-any.whl", hash = "sha256:56176e4d569070e7350ea620262478b49b7efceba4103d468448f1d21492fd6c"},
]

[package.dependencies]
protobuf = ">=4.25.3"
types-protobuf = ">=4.24"

[[package]]
name = "protobuf"
version = "6.31.1"
description = ""
optional = false
python-versions = ">=3.9"
files = [
    {file = "protobuf-6.31.1-cp310-abi3-win32.whl", hash = "sha256:7fa17d5a29c2e04b7d90e5e32388b8bfd0e7107cd8e616feef7ed3fa6bdab5c9"},
    {file = "protobuf-6.31.1-cp310-abi3-win_amd64.whl", hash = "sha256:426f59d2964864a1a366254fa703b8632dcec0790d8862d30034d8245e1cd447"},
    {file = "protobuf-6.31.1-cp39-abi3-macosx_10_9_universal2.whl", hash = "sha256:6f1227473dc43d44ed644425268eb7c2e488ae245d51c6866d19fe158e207402"},
    {file = "protobuf-6.31.1-cp39-abi3-manylinux2014_aarch64.whl", hash = "sha256:a40fc12b84c154884d7d4c4ebd675d5b3b5283e155f324049ae396b95ddebc39"},
    {file = "protobuf-6.31.1-cp39-abi3-manylinux2014_x86_64.whl", hash = "sha256:4ee898bf66f7a8b0bd21bce523814e6fbd8c6add948045ce958b73af7e8878c6"},
    {file = "protobuf-6.31.1-cp39-cp39-win32.whl", hash = "sha256:0414e3aa5a5f3ff423828e1e6a6e907d6c65c1d5b7e6e975793d5590bdeecc16"},
    {file = "protobuf-6.31.1-cp39-cp39-win_amd64.whl", hash = "sha256:8764cf4587791e7564051b35524b72844f845ad0bb011704c3736cce762d8fe9"},
    {file = "protobuf-6.31.1-py3-none-any.whl", hash = "sha256:720a6c7e6b77288b85063569baae8536671b39f15cc22037ec7045658d80489e"},
    {file = "protobuf-6.31.1.tar.gz", hash = "sha256:d8cac4c982f0b957a4dc73a80e2ea24fab08e679c0de9deb835f4a12d69aca9a"},
]

[[package]]
name = "setuptools"
version = "80.9.0"
description = "Easily download, build, install, upgrade, and uninstall Python packages"
optional = false
python-versions = ">=3.9"
files = [
    {file = "setuptools-80.9.0-py3-none-any.whl", hash = "sha256:062d34222ad13e0cc312a4c02d73f059e86a4acbfbdea8f8f76b28c99f306922"},
    {file = "setuptools-80.9.0.tar.gz", hash = "sha256:f36b47402ecde768dbfafc46e8e4207b4360c654f1f3bb84475f0a28628fb19c"},
]

[package.extras]
check = ["pytest-checkdocs (>=2.4)", "pytest-ruff (>=0.2.1)", "ruff (>=0.8.0)"]
core = ["importlib_metadata (>=6)", "jaraco.functools (>=4)", "jaraco.text (>=3.7)", "more_itertools", "more_itertools (>=8.8)", "packaging (>=24.2)", "platformdirs (>=4.2.2)", "tomli (>=2.0.1)", "wheel (>=0.43.0)"]
cover = ["pytest-cov"]
doc = ["furo", "jaraco.packaging (>=9.3)", "jaraco.tidelift (>=1.4)", "pygments-github-lexers (==0.0.5)", "pyproject-hooks (!=1.1)", "rst.linker (>=1.9)", "sphinx (>=3.5)", "sphinx-favicon", "sphinx-inline-tabs", "sphinx-lint", "sphinx-notfound-page (>=1,<2)", "sphinx-reredirects", "sphinxcontrib-towncrier", "towncrier (<24.7)"]
enabler = ["pytest-enabler (>=2.2)"]
test = ["build[virtualenv] (>=1.0.3)", "filelock (>=3.4.0)", "ini2toml[lite] (>=0.14)", "jaraco.develop (>=7.21)", "jaraco.envs (>=2.2)", "jaraco.path (>=3.7.2)", "jaraco.test (>=5.5)", "packaging (>=24.2)", "pip (>=19.1)", "pyproject-hooks (!=1.1)", "pytest (>=6,!=8.1.*)", "pytest-home (>=0.5)", "pytest-perf", "pytest-subprocess", "pytest-timeout", "pytest-xdist (>=3)", "tomli-w (>=1.0.0)", "virtualenv (>=13.0.0)", "wheel (>=0.44.0)"]
type = ["importlib_metadata (>=7.0.2)", "jaraco.develop (>=7.21)", "mypy (==1.14.*)", "pytest-mypy"]

[[package]]
name = "types-protobuf"
version = "6.30.2.20250516"
description = "Typing stubs for protobuf"
optional = false
python-versions = ">=3.9"
files = [
    {file = "types_protobuf-6.30.2.20250516-py3-none-any.whl", hash = "sha256:8c226d05b5e8b2623111765fa32d6e648bbc24832b4c2fddf0fa340ba5d5b722"},
    {file = "types_protobuf-6.30.2.20250516.tar.gz", hash = "sha256:aecd1881770a9bb225ede66872ef7f0da4505edd0b193108edd9892e48d49a41"},
]

[metadata]
lock-version = "2.0"
python-versions = "^3.9"
content-hash = "2a21851af476a8ae2b4bf97cbacb0a7512ec78f624d80dfc8910c6a1be6be2d8"
